
Microsoft Visual Studio Solution File, Format Version 12.00
# Visual Studio Version 16
VisualStudioVersion = 16.0.28803.352
MinimumVisualStudioVersion = 10.0.40219.1
Project("{FAE04EC0-301F-11D3-BF4B-00C04F79EFBC}") = "AspNetCodeAcademyFinal", "AspNetCodeAcademyFinal\AspNetCodeAcademyFinal.csproj", "{F8FD5E5F-0002-4A57-A4FE-DD516DB14BF5}"
EndProject
Project("{FAE04EC0-301F-11D3-BF4B-00C04F79EFBC}") = "DAL", "DAL\DAL.csproj", "{16D4D8B2-657A-4CD3-A651-FBD2A5ED9945}"
EndProject
Global
	GlobalSection(SolutionConfigurationPlatforms) = preSolution
		Debug|Any CPU = Debug|Any CPU
		Release|Any CPU = Release|Any CPU
	EndGlobalSection
	GlobalSection(ProjectConfigurationPlatforms) = postSolution
		{F8FD5E5F-0002-4A57-A4FE-DD516DB14BF5}.Debug|Any CPU.ActiveCfg = Debug|Any CPU
		{F8FD5E5F-0002-4A57-A4FE-DD516DB14BF5}.Debug|Any CPU.Build.0 = Debug|Any CPU
		{F8FD5E5F-0002-4A57-A4FE-DD516DB14BF5}.Release|Any CPU.ActiveCfg = Release|Any CPU
		{F8FD5E5F-0002-4A57-A4FE-DD516DB14BF5}.Release|Any CPU.Build.0 = Release|Any CPU
		{16D4D8B2-657A-4CD3-A651-FBD2A5ED9945}.Debug|Any CPU.ActiveCfg = Debug|Any CPU
		{16D4D8B2-657A-4CD3-A651-FBD2A5ED9945}.Debug|Any CPU.Build.0 = Debug|Any CPU
		{16D4D8B2-657A-4CD3-A651-FBD2A5ED9945}.Release|Any CPU.ActiveCfg = Release|Any CPU
		{16D4D8B2-657A-4CD3-A651-FBD2A5ED9945}.Release|Any CPU.Build.0 = Release|Any CPU
	EndGlobalSection
	GlobalSection(SolutionProperties) = preSolution
		HideSolutionNode = FALSE
	EndGlobalSection
	GlobalSection(ExtensibilityGlobals) = postSolution
		SolutionGuid = {62190A85-4D35-41EB-A20A-CD547457E855}
	EndGlobalSection
EndGlobal
